
Microsoft Visual Studio Solution File, Format Version 12.00
# Visual Studio Version 17
VisualStudioVersion = 17.7.34024.191
MinimumVisualStudioVersion = 10.0.40219.1
Project("{2150E333-8FDC-42A3-9474-1A3956D46DE8}") = "src", "src", "{7380A05D-7E20-4FBA-9860-4D21C798D751}"
EndProject
Project("{2150E333-8FDC-42A3-9474-1A3956D46DE8}") = "Gateways", "Gateways", "{60678A92-4905-4DB4-8EED-CE2EDC933859}"
EndProject
Project("{2150E333-8FDC-42A3-9474-1A3956D46DE8}") = "Services", "Services", "{723A06B2-B2B6-4541-B206-0839A49D19AB}"
EndProject
Project("{2150E333-8FDC-42A3-9474-1A3956D46DE8}") = "Shared", "Shared", "{AC0BE0FE-ABA8-4772-BC08-B4942469B5E8}"
EndProject
Project("{9A19103F-16F7-4668-BE54-9A1E7A4F7556}") = "TradeSphere.Shared", "TradeSphere.Shared\TradeSphere.Shared.csproj", "{993C3DC2-7533-454B-AE7E-509A5BC3266D}"
EndProject
Project("{2150E333-8FDC-42A3-9474-1A3956D46DE8}") = "Identity", "Identity", "{AE18E84C-EBBF-44EC-9A99-977E6A72DB69}"
EndProject
Project("{2150E333-8FDC-42A3-9474-1A3956D46DE8}") = "Payment", "Payment", "{3B9FE473-B281-450E-92B4-EE6A06FAC638}"
EndProject
Project("{9A19103F-16F7-4668-BE54-9A1E7A4F7556}") = "PaymentService", "PaymentService\PaymentService.csproj", "{768C3B75-195A-441F-A5CB-4FAC82BD2C2A}"
EndProject
Project("{2150E333-8FDC-42A3-9474-1A3956D46DE8}") = "Customer", "Customer", "{291B8A4B-C817-4591-81D6-04A6FC828266}"
EndProject
Project("{9A19103F-16F7-4668-BE54-9A1E7A4F7556}") = "CustomerService", "CustomerService\CustomerService.csproj", "{F1C1397A-74DD-4B46-B22D-7F2A2237FC3E}"
EndProject
Project("{9A19103F-16F7-4668-BE54-9A1E7A4F7556}") = "IdentityService", "IdentityService\IdentityService.csproj", "{453591A6-83F9-4D14-8495-5ED99A2FE60C}"
EndProject
Project("{9A19103F-16F7-4668-BE54-9A1E7A4F7556}") = "Identity.Application", "Identity.Application\Identity.Application.csproj", "{2BB2D335-4C8C-4349-9C63-2B51B412EA9A}"
EndProject
Project("{9A19103F-16F7-4668-BE54-9A1E7A4F7556}") = "Identity.Domain", "Identity.Domain\Identity.Domain.csproj", "{A938579C-261C-4E9D-B518-AFEAC4476A56}"
EndProject
Project("{9A19103F-16F7-4668-BE54-9A1E7A4F7556}") = "Identity.Infrastructure", "Identity.Infrastructure\Identity.Infrastructure.csproj", "{5B3F6CCD-A24E-476A-8318-2951FE14B37A}"
EndProject
Project("{9A19103F-16F7-4668-BE54-9A1E7A4F7556}") = "Identity.Persistence", "Identity.Persistence\Identity.Persistence.csproj", "{5455D1E1-B868-40EC-842F-A12B67C56918}"
EndProject
Project("{2150E333-8FDC-42A3-9474-1A3956D46DE8}") = "Product", "Product", "{6A0ABE7F-424B-4B8F-AA65-80600499606D}"
EndProject
Project("{9A19103F-16F7-4668-BE54-9A1E7A4F7556}") = "ProductService", "ProductService\ProductService.csproj", "{5F8754B6-2572-417D-ADD1-A8B2BE06F354}"
EndProject
Project("{2150E333-8FDC-42A3-9474-1A3956D46DE8}") = "OcelotApiGw", "OcelotApiGw", "{D80AD85C-4670-45F4-A719-48CD097EF28B}"
EndProject
Project("{9A19103F-16F7-4668-BE54-9A1E7A4F7556}") = "ApiGateway", "ApiGateway\ApiGateway.csproj", "{7B352048-76FF-44C0-9A1E-FA18C1BF2FA9}"
EndProject
Project("{2150E333-8FDC-42A3-9474-1A3956D46DE8}") = "Order", "Order", "{02C03BE4-5258-4271-89E7-AB85E497667B}"
EndProject
Project("{2150E333-8FDC-42A3-9474-1A3956D46DE8}") = "Stock", "Stock", "{3F38B2C4-D7A6-4752-8A6D-A1EAC7676F74}"
EndProject
Project("{9A19103F-16F7-4668-BE54-9A1E7A4F7556}") = "StockService", "StockService\StockService.csproj", "{D07FAF21-5655-469F-9C5C-F595C3A0FD31}"
EndProject
Project("{2150E333-8FDC-42A3-9474-1A3956D46DE8}") = "Apps", "Apps", "{7E278AFE-A755-45EB-8977-4D123257B6CE}"
EndProject
Project("{9A19103F-16F7-4668-BE54-9A1E7A4F7556}") = "Order.Domain", "Order.Domain\Order.Domain.csproj", "{0EB0DA55-C34F-4982-9C2D-079AC6F23D35}"
EndProject
Project("{9A19103F-16F7-4668-BE54-9A1E7A4F7556}") = "Order.Application", "Order.Application\Order.Application.csproj", "{A82C4C43-8D12-4E88-9D0E-0E6C091520BF}"
EndProject
Project("{9A19103F-16F7-4668-BE54-9A1E7A4F7556}") = "Order.Infrastructure", "Order.Infrastructure\Order.Infrastructure.csproj", "{74098676-DB7F-4D00-B596-655E4783027B}"
EndProject
Project("{9A19103F-16F7-4668-BE54-9A1E7A4F7556}") = "OrderService", "OrderService\OrderService.csproj", "{77D7DEAB-0182-4EB5-A64B-0F9BFBA32D45}"
EndProject
Project("{9A19103F-16F7-4668-BE54-9A1E7A4F7556}") = "Order.Persistence", "Order.Persistence\Order.Persistence.csproj", "{E7C244F8-F60A-4D94-A566-B9C5A82B07CD}"
EndProject
Global
	GlobalSection(SolutionConfigurationPlatforms) = preSolution
		Debug|Any CPU = Debug|Any CPU
		Release|Any CPU = Release|Any CPU
	EndGlobalSection
	GlobalSection(ProjectConfigurationPlatforms) = postSolution
		{993C3DC2-7533-454B-AE7E-509A5BC3266D}.Debug|Any CPU.ActiveCfg = Debug|Any CPU
		{993C3DC2-7533-454B-AE7E-509A5BC3266D}.Debug|Any CPU.Build.0 = Debug|Any CPU
		{993C3DC2-7533-454B-AE7E-509A5BC3266D}.Release|Any CPU.ActiveCfg = Release|Any CPU
		{993C3DC2-7533-454B-AE7E-509A5BC3266D}.Release|Any CPU.Build.0 = Release|Any CPU
		{768C3B75-195A-441F-A5CB-4FAC82BD2C2A}.Debug|Any CPU.ActiveCfg = Debug|Any CPU
		{768C3B75-195A-441F-A5CB-4FAC82BD2C2A}.Debug|Any CPU.Build.0 = Debug|Any CPU
		{768C3B75-195A-441F-A5CB-4FAC82BD2C2A}.Release|Any CPU.ActiveCfg = Release|Any CPU
		{768C3B75-195A-441F-A5CB-4FAC82BD2C2A}.Release|Any CPU.Build.0 = Release|Any CPU
		{F1C1397A-74DD-4B46-B22D-7F2A2237FC3E}.Debug|Any CPU.ActiveCfg = Debug|Any CPU
		{F1C1397A-74DD-4B46-B22D-7F2A2237FC3E}.Debug|Any CPU.Build.0 = Debug|Any CPU
		{F1C1397A-74DD-4B46-B22D-7F2A2237FC3E}.Release|Any CPU.ActiveCfg = Release|Any CPU
		{F1C1397A-74DD-4B46-B22D-7F2A2237FC3E}.Release|Any CPU.Build.0 = Release|Any CPU
		{453591A6-83F9-4D14-8495-5ED99A2FE60C}.Debug|Any CPU.ActiveCfg = Debug|Any CPU
		{453591A6-83F9-4D14-8495-5ED99A2FE60C}.Debug|Any CPU.Build.0 = Debug|Any CPU
		{453591A6-83F9-4D14-8495-5ED99A2FE60C}.Release|Any CPU.ActiveCfg = Release|Any CPU
		{453591A6-83F9-4D14-8495-5ED99A2FE60C}.Release|Any CPU.Build.0 = Release|Any CPU
		{2BB2D335-4C8C-4349-9C63-2B51B412EA9A}.Debug|Any CPU.ActiveCfg = Debug|Any CPU
		{2BB2D335-4C8C-4349-9C63-2B51B412EA9A}.Debug|Any CPU.Build.0 = Debug|Any CPU
		{2BB2D335-4C8C-4349-9C63-2B51B412EA9A}.Release|Any CPU.ActiveCfg = Release|Any CPU
		{2BB2D335-4C8C-4349-9C63-2B51B412EA9A}.Release|Any CPU.Build.0 = Release|Any CPU
		{A938579C-261C-4E9D-B518-AFEAC4476A56}.Debug|Any CPU.ActiveCfg = Debug|Any CPU
		{A938579C-261C-4E9D-B518-AFEAC4476A56}.Debug|Any CPU.Build.0 = Debug|Any CPU
		{A938579C-261C-4E9D-B518-AFEAC4476A56}.Release|Any CPU.ActiveCfg = Release|Any CPU
		{A938579C-261C-4E9D-B518-AFEAC4476A56}.Release|Any CPU.Build.0 = Release|Any CPU
		{5B3F6CCD-A24E-476A-8318-2951FE14B37A}.Debug|Any CPU.ActiveCfg = Debug|Any CPU
		{5B3F6CCD-A24E-476A-8318-2951FE14B37A}.Debug|Any CPU.Build.0 = Debug|Any CPU
		{5B3F6CCD-A24E-476A-8318-2951FE14B37A}.Release|Any CPU.ActiveCfg = Release|Any CPU
		{5B3F6CCD-A24E-476A-8318-2951FE14B37A}.Release|Any CPU.Build.0 = Release|Any CPU
		{5455D1E1-B868-40EC-842F-A12B67C56918}.Debug|Any CPU.ActiveCfg = Debug|Any CPU
		{5455D1E1-B868-40EC-842F-A12B67C56918}.Debug|Any CPU.Build.0 = Debug|Any CPU
		{5455D1E1-B868-40EC-842F-A12B67C56918}.Release|Any CPU.ActiveCfg = Release|Any CPU
		{5455D1E1-B868-40EC-842F-A12B67C56918}.Release|Any CPU.Build.0 = Release|Any CPU
		{5F8754B6-2572-417D-ADD1-A8B2BE06F354}.Debug|Any CPU.ActiveCfg = Debug|Any CPU
		{5F8754B6-2572-417D-ADD1-A8B2BE06F354}.Debug|Any CPU.Build.0 = Debug|Any CPU
		{5F8754B6-2572-417D-ADD1-A8B2BE06F354}.Release|Any CPU.ActiveCfg = Release|Any CPU
		{5F8754B6-2572-417D-ADD1-A8B2BE06F354}.Release|Any CPU.Build.0 = Release|Any CPU
		{7B352048-76FF-44C0-9A1E-FA18C1BF2FA9}.Debug|Any CPU.ActiveCfg = Debug|Any CPU
		{7B352048-76FF-44C0-9A1E-FA18C1BF2FA9}.Debug|Any CPU.Build.0 = Debug|Any CPU
		{7B352048-76FF-44C0-9A1E-FA18C1BF2FA9}.Release|Any CPU.ActiveCfg = Release|Any CPU
		{7B352048-76FF-44C0-9A1E-FA18C1BF2FA9}.Release|Any CPU.Build.0 = Release|Any CPU
		{D07FAF21-5655-469F-9C5C-F595C3A0FD31}.Debug|Any CPU.ActiveCfg = Debug|Any CPU
		{D07FAF21-5655-469F-9C5C-F595C3A0FD31}.Debug|Any CPU.Build.0 = Debug|Any CPU
		{D07FAF21-5655-469F-9C5C-F595C3A0FD31}.Release|Any CPU.ActiveCfg = Release|Any CPU
		{D07FAF21-5655-469F-9C5C-F595C3A0FD31}.Release|Any CPU.Build.0 = Release|Any CPU
		{0EB0DA55-C34F-4982-9C2D-079AC6F23D35}.Debug|Any CPU.ActiveCfg = Debug|Any CPU
		{0EB0DA55-C34F-4982-9C2D-079AC6F23D35}.Debug|Any CPU.Build.0 = Debug|Any CPU
		{0EB0DA55-C34F-4982-9C2D-079AC6F23D35}.Release|Any CPU.ActiveCfg = Release|Any CPU
		{0EB0DA55-C34F-4982-9C2D-079AC6F23D35}.Release|Any CPU.Build.0 = Release|Any CPU
		{A82C4C43-8D12-4E88-9D0E-0E6C091520BF}.Debug|Any CPU.ActiveCfg = Debug|Any CPU
		{A82C4C43-8D12-4E88-9D0E-0E6C091520BF}.Debug|Any CPU.Build.0 = Debug|Any CPU
		{A82C4C43-8D12-4E88-9D0E-0E6C091520BF}.Release|Any CPU.ActiveCfg = Release|Any CPU
		{A82C4C43-8D12-4E88-9D0E-0E6C091520BF}.Release|Any CPU.Build.0 = Release|Any CPU
		{74098676-DB7F-4D00-B596-655E4783027B}.Debug|Any CPU.ActiveCfg = Debug|Any CPU
		{74098676-DB7F-4D00-B596-655E4783027B}.Debug|Any CPU.Build.0 = Debug|Any CPU
		{74098676-DB7F-4D00-B596-655E4783027B}.Release|Any CPU.ActiveCfg = Release|Any CPU
		{74098676-DB7F-4D00-B596-655E4783027B}.Release|Any CPU.Build.0 = Release|Any CPU
		{77D7DEAB-0182-4EB5-A64B-0F9BFBA32D45}.Debug|Any CPU.ActiveCfg = Debug|Any CPU
		{77D7DEAB-0182-4EB5-A64B-0F9BFBA32D45}.Debug|Any CPU.Build.0 = Debug|Any CPU
		{77D7DEAB-0182-4EB5-A64B-0F9BFBA32D45}.Release|Any CPU.ActiveCfg = Release|Any CPU
		{77D7DEAB-0182-4EB5-A64B-0F9BFBA32D45}.Release|Any CPU.Build.0 = Release|Any CPU
		{E7C244F8-F60A-4D94-A566-B9C5A82B07CD}.Debug|Any CPU.ActiveCfg = Debug|Any CPU
		{E7C244F8-F60A-4D94-A566-B9C5A82B07CD}.Debug|Any CPU.Build.0 = Debug|Any CPU
		{E7C244F8-F60A-4D94-A566-B9C5A82B07CD}.Release|Any CPU.ActiveCfg = Release|Any CPU
		{E7C244F8-F60A-4D94-A566-B9C5A82B07CD}.Release|Any CPU.Build.0 = Release|Any CPU
	EndGlobalSection
	GlobalSection(SolutionProperties) = preSolution
		HideSolutionNode = FALSE
	EndGlobalSection
	GlobalSection(NestedProjects) = preSolution
		{60678A92-4905-4DB4-8EED-CE2EDC933859} = {7380A05D-7E20-4FBA-9860-4D21C798D751}
		{723A06B2-B2B6-4541-B206-0839A49D19AB} = {7380A05D-7E20-4FBA-9860-4D21C798D751}
		{AC0BE0FE-ABA8-4772-BC08-B4942469B5E8} = {7380A05D-7E20-4FBA-9860-4D21C798D751}
		{993C3DC2-7533-454B-AE7E-509A5BC3266D} = {AC0BE0FE-ABA8-4772-BC08-B4942469B5E8}
		{AE18E84C-EBBF-44EC-9A99-977E6A72DB69} = {723A06B2-B2B6-4541-B206-0839A49D19AB}
		{3B9FE473-B281-450E-92B4-EE6A06FAC638} = {723A06B2-B2B6-4541-B206-0839A49D19AB}
		{768C3B75-195A-441F-A5CB-4FAC82BD2C2A} = {3B9FE473-B281-450E-92B4-EE6A06FAC638}
		{291B8A4B-C817-4591-81D6-04A6FC828266} = {723A06B2-B2B6-4541-B206-0839A49D19AB}
		{F1C1397A-74DD-4B46-B22D-7F2A2237FC3E} = {291B8A4B-C817-4591-81D6-04A6FC828266}
		{453591A6-83F9-4D14-8495-5ED99A2FE60C} = {AE18E84C-EBBF-44EC-9A99-977E6A72DB69}
		{2BB2D335-4C8C-4349-9C63-2B51B412EA9A} = {AE18E84C-EBBF-44EC-9A99-977E6A72DB69}
		{A938579C-261C-4E9D-B518-AFEAC4476A56} = {AE18E84C-EBBF-44EC-9A99-977E6A72DB69}
		{5B3F6CCD-A24E-476A-8318-2951FE14B37A} = {AE18E84C-EBBF-44EC-9A99-977E6A72DB69}
		{5455D1E1-B868-40EC-842F-A12B67C56918} = {AE18E84C-EBBF-44EC-9A99-977E6A72DB69}
		{6A0ABE7F-424B-4B8F-AA65-80600499606D} = {723A06B2-B2B6-4541-B206-0839A49D19AB}
		{5F8754B6-2572-417D-ADD1-A8B2BE06F354} = {6A0ABE7F-424B-4B8F-AA65-80600499606D}
		{D80AD85C-4670-45F4-A719-48CD097EF28B} = {60678A92-4905-4DB4-8EED-CE2EDC933859}
		{7B352048-76FF-44C0-9A1E-FA18C1BF2FA9} = {D80AD85C-4670-45F4-A719-48CD097EF28B}
		{02C03BE4-5258-4271-89E7-AB85E497667B} = {723A06B2-B2B6-4541-B206-0839A49D19AB}
		{3F38B2C4-D7A6-4752-8A6D-A1EAC7676F74} = {723A06B2-B2B6-4541-B206-0839A49D19AB}
		{D07FAF21-5655-469F-9C5C-F595C3A0FD31} = {3F38B2C4-D7A6-4752-8A6D-A1EAC7676F74}
		{7E278AFE-A755-45EB-8977-4D123257B6CE} = {7380A05D-7E20-4FBA-9860-4D21C798D751}
		{0EB0DA55-C34F-4982-9C2D-079AC6F23D35} = {02C03BE4-5258-4271-89E7-AB85E497667B}
		{A82C4C43-8D12-4E88-9D0E-0E6C091520BF} = {02C03BE4-5258-4271-89E7-AB85E497667B}
		{74098676-DB7F-4D00-B596-655E4783027B} = {02C03BE4-5258-4271-89E7-AB85E497667B}
		{77D7DEAB-0182-4EB5-A64B-0F9BFBA32D45} = {02C03BE4-5258-4271-89E7-AB85E497667B}
		{E7C244F8-F60A-4D94-A566-B9C5A82B07CD} = {02C03BE4-5258-4271-89E7-AB85E497667B}
	EndGlobalSection
	GlobalSection(ExtensibilityGlobals) = postSolution
		SolutionGuid = {CECC7B1E-10A4-4A24-9131-34DA478A68D5}
	EndGlobalSection
EndGlobal
